# THIS IS AN AUTOGENERATED FILE. DO NOT EDIT THIS FILE DIRECTLY.
# yarn lockfile v1


"@gluestack/ui-project-detector@^0.0.1":
  version "0.0.1"
  resolved "https://registry.yarnpkg.com/@gluestack/ui-project-detector/-/ui-project-detector-0.0.1.tgz#920d29aa5a1719c16709ce7dc1f39d4e407fbba0"
  integrity sha512-BBTFrUwU6P4xkbP7dAVqife+ZHOsq4lhoNf3Y+jhuDECE5FP6BrHyEkdBu4O9n5X/i4gIt1YJfEXZE7oooS8JQ==

"@kwsites/file-exists@^1.1.1":
  version "1.1.1"
  resolved "https://registry.npmjs.org/@kwsites/file-exists/-/file-exists-1.1.1.tgz"
  integrity sha512-m9/5YGR18lIwxSFDwfE3oA7bWuq9kdau6ugN4H2rJeyhFQZcG9AgSHkQtSD15a8WvTgfz9aikZMrKPHvbpqFiw==
  dependencies:
    debug "^4.1.1"

"@kwsites/promise-deferred@^1.1.1":
  version "1.1.1"
  resolved "https://registry.npmjs.org/@kwsites/promise-deferred/-/promise-deferred-1.1.1.tgz"
  integrity sha512-GaHYm+c0O9MjZRu0ongGBRbinu8gVAMd2UZjji6jVmqKtZluZnptXGWhz1E8j8D2HJ3f/yMxKAUC0b+57wncIw==

ansi-regex@^5.0.1:
  version "5.0.1"
  resolved "https://registry.yarnpkg.com/ansi-regex/-/ansi-regex-5.0.1.tgz#082cb2c89c9fe8659a311a53bd6a4dc5301db304"
  integrity sha512-quJQXlTSUGL2LH9SUXo8VwsY4soanhgo6LNSm84E1LBcE8s3O0wpdiRzyR9z/ZZJMlMWv37qOOb9pdJlMUEKFQ==

chalk@^5.2.0:
  version "5.2.0"
  resolved "https://registry.yarnpkg.com/chalk/-/chalk-5.2.0.tgz#249623b7d66869c673699fb66d65723e54dfcfb3"
  integrity sha512-ree3Gqw/nazQAPuJJEy+avdl7QfZMcUvmHIKgEZkGL+xOBzRvup5Hxo6LHuMceSxOabuJLJm5Yp/92R9eMmMvA==

cli-progress@^3.11.2:
  version "3.11.2"
  resolved "https://registry.yarnpkg.com/cli-progress/-/cli-progress-3.11.2.tgz#f8c89bd157e74f3f2c43bcfb3505670b4d48fc77"
  integrity sha512-lCPoS6ncgX4+rJu5bS3F/iCz17kZ9MPZ6dpuTtI0KXKABkhyXIdYB3Inby1OpaGti3YlI3EeEkM9AuWpelJrVA==
  dependencies:
    string-width "^4.2.3"

cli-spinner@^0.2.10:
  version "0.2.10"
  resolved "https://registry.npmjs.org/cli-spinner/-/cli-spinner-0.2.10.tgz"
  integrity sha512-U0sSQ+JJvSLi1pAYuJykwiA8Dsr15uHEy85iCJ6A+0DjVxivr3d+N2Wjvodeg89uP5K6TswFkKBfAD7B3YSn/Q==

cli-spinners@^2.7.0:
  version "2.7.0"
  resolved "https://registry.yarnpkg.com/cli-spinners/-/cli-spinners-2.7.0.tgz#f815fd30b5f9eaac02db604c7a231ed7cb2f797a"
  integrity sha512-qu3pN8Y3qHNgE2AFweciB1IfMnmZ/fsNTEE+NOFjmGB2F/7rLhnhzppvpCnN4FovtP26k8lHyy9ptEbNwWFLzw==

commander@^10.0.0:
  version "10.0.0"
  resolved "https://registry.npmjs.org/commander/-/commander-10.0.0.tgz"
  integrity sha512-zS5PnTI22FIRM6ylNW8G4Ap0IEOyk62fhLSD0+uHRT9McRCLGpkVNvao4bjimpK/GShynyQkFFxHhwMcETmduA==

debug@^4.1.1, debug@^4.3.4:
  version "4.3.4"
  resolved "https://registry.npmjs.org/debug/-/debug-4.3.4.tgz"
  integrity sha512-PRWFHuSU3eDtQJPvnNY7Jcket1j0t5OuOsFzPPzsekD52Zl8qUfFIPEiswXqIvHWGVHOgX+7G/vCNNhehwxfkQ==
  dependencies:
    ms "2.1.2"

emoji-regex@^8.0.0:
  version "8.0.0"
  resolved "https://registry.yarnpkg.com/emoji-regex/-/emoji-regex-8.0.0.tgz#e818fd69ce5ccfcb404594f842963bf53164cc37"
  integrity sha512-MSjYzcWNOA0ewAHpz0MxpYFvwg6yjy1NG3xteoqz644VCo/RPgnr1/GGt+ic3iJTzQ8Eu3TdM14SawnVUmGE6A==

fs-extra@^11.1.0:
  version "11.1.0"
  resolved "https://registry.npmjs.org/fs-extra/-/fs-extra-11.1.0.tgz"
  integrity sha512-0rcTq621PD5jM/e0a3EJoGC/1TC5ZBCERW82LQuwfGnCa1V8w7dpYH1yNu+SLb6E5dkeCBzKEyLGlFrnr+dUyw==
  dependencies:
    graceful-fs "^4.2.0"
    jsonfile "^6.0.1"
    universalify "^2.0.0"

graceful-fs@^4.1.6, graceful-fs@^4.2.0:
  version "4.2.10"
  resolved "https://registry.npmjs.org/graceful-fs/-/graceful-fs-4.2.10.tgz"
  integrity sha512-9ByhssR2fPVsNZj478qUUbKfmL0+t5BDVyjShtyZZLiK7ZDAArFFfopyOTj0M05wE2tJPisA4iTnnXl2YoPvOA==

is-fullwidth-code-point@^3.0.0:
  version "3.0.0"
  resolved "https://registry.yarnpkg.com/is-fullwidth-code-point/-/is-fullwidth-code-point-3.0.0.tgz#f116f8064fe90b3f7844a38997c0b75051269f1d"
  integrity sha512-zymm5+u+sCsSWyD9qNaejV3DFvhCKclKdizYaJUuHA83RLjb7nSuGnddCHGv0hk+KY7BMAlsWeK4Ueg6EV6XQg==

jsonfile@^6.0.1:
  version "6.1.0"
  resolved "https://registry.npmjs.org/jsonfile/-/jsonfile-6.1.0.tgz"
  integrity sha512-5dgndWOriYSm5cnYaJNhalLNDKOqFwyDB/rr1E9ZsGciGvKPs8R2xYGCacuf3z6K1YKDz182fd+fY3cn3pMqXQ==
  dependencies:
    universalify "^2.0.0"
  optionalDependencies:
    graceful-fs "^4.1.6"

kleur@^3.0.3:
  version "3.0.3"
  resolved "https://registry.npmjs.org/kleur/-/kleur-3.0.3.tgz"
  integrity sha512-eTIzlVOSUR+JxdDFepEYcBMtZ9Qqdef+rnzWdRZuMbOywu5tO2w2N7rqjoANZ5k9vywhL6Br1VRjUIgTQx4E8w==

ms@2.1.2:
  version "2.1.2"
  resolved "https://registry.npmjs.org/ms/-/ms-2.1.2.tgz"
  integrity sha512-sGkPx+VjMtmA6MX27oA4FBFELFCZZ4S4XqeGOXCv68tT+jb3vk/RyaKWP0PTKyWtmLSM0b+adUTEvbs1PEaH2w==

prompts@^2.4.2:
  version "2.4.2"
  resolved "https://registry.npmjs.org/prompts/-/prompts-2.4.2.tgz"
  integrity sha512-NxNv/kLguCA7p3jE8oL2aEBsrJWgAakBpgmgK6lpPWV+WuOmY6r2/zbAVnP+T8bQlA0nzHXSJSJW0Hq7ylaD2Q==
  dependencies:
    kleur "^3.0.3"
    sisteransi "^1.0.5"

simple-git@^3.16.0:
  version "3.16.0"
  resolved "https://registry.npmjs.org/simple-git/-/simple-git-3.16.0.tgz"
  integrity sha512-zuWYsOLEhbJRWVxpjdiXl6eyAyGo/KzVW+KFhhw9MqEEJttcq+32jTWSGyxTdf9e/YCohxRE+9xpWFj9FdiJNw==
  dependencies:
    "@kwsites/file-exists" "^1.1.1"
    "@kwsites/promise-deferred" "^1.1.1"
    debug "^4.3.4"

sisteransi@^1.0.5:
  version "1.0.5"
  resolved "https://registry.npmjs.org/sisteransi/-/sisteransi-1.0.5.tgz"
  integrity sha512-bLGGlR1QxBcynn2d5YmDX4MGjlZvy2MRBDRNHLJ8VI6l6+9FUiyTFNJ0IveOSP0bcXgVDPRcfGqA0pjaqUpfVg==

string-width@^4.2.3:
  version "4.2.3"
  resolved "https://registry.yarnpkg.com/string-width/-/string-width-4.2.3.tgz#269c7117d27b05ad2e536830a8ec895ef9c6d010"
  integrity sha512-wKyQRQpjJ0sIp62ErSZdGsjMJWsap5oRNihHhu6G7JVO/9jIB6UyevL+tXuOqrng8j/cxKTWyWUwvSTriiZz/g==
  dependencies:
    emoji-regex "^8.0.0"
    is-fullwidth-code-point "^3.0.0"
    strip-ansi "^6.0.1"

strip-ansi@^6.0.1:
  version "6.0.1"
  resolved "https://registry.yarnpkg.com/strip-ansi/-/strip-ansi-6.0.1.tgz#9e26c63d30f53443e9489495b2105d37b67a85d9"
  integrity sha512-Y38VPSHcqkFrCpFnQ9vuSXmquuv5oXOKpGeT6aGrr3o3Gc9AlVa6JBfUSOCnbxGGZF+/0ooI7KrPuUSztUdU5A==
  dependencies:
    ansi-regex "^5.0.1"

universalify@^2.0.0:
  version "2.0.0"
  resolved "https://registry.npmjs.org/universalify/-/universalify-2.0.0.tgz"
  integrity sha512-hAZsKq7Yy11Zu1DE0OzWjw7nnLZmJZYTDZZyEFHZdUhV8FkH5MCfoU1XMaxXovpyW5nq5scPqq0ZDP9Zyl04oQ==
